// !$*UTF8*$!
{
	archiveVersion = 1;
	classes = {
	};
	objectVersion = 46;
	objects = {

/* Begin PBXBuildFile section */
		2D08C9A87771A5D6F0854F83 /* Pods_whale_ios_alexanderdejeuTests.framework in Frameworks */ = {isa = PBXBuildFile; fileRef = 2D846B4E7D039B6B64ABE7EC /* Pods_whale_ios_alexanderdejeuTests.framework */; };
		68244D959B2E5B345BF3CB30 /* Pods_whale_ios_alexanderdejeu.framework in Frameworks */ = {isa = PBXBuildFile; fileRef = EE7DA94B8E19C3C96CC9ADE0 /* Pods_whale_ios_alexanderdejeu.framework */; };
		A6D6D89C843C219E3C78C6B7 /* Pods_whale_ios_alexanderdejeuUITests.framework in Frameworks */ = {isa = PBXBuildFile; fileRef = 49F817ADDA55089B08B16F09 /* Pods_whale_ios_alexanderdejeuUITests.framework */; };
		FA214ACF1E8C30DC00638F38 /* ActivityViewController.swift in Sources */ = {isa = PBXBuildFile; fileRef = FA214ACE1E8C30DC00638F38 /* ActivityViewController.swift */; };
		FA23FC561E9808E80074E566 /* HomeViewController.swift in Sources */ = {isa = PBXBuildFile; fileRef = FA23FC551E9808E80074E566 /* HomeViewController.swift */; };
		FA2EF0D91E8990BF005BAA25 /* WhaleQuestionCollectionViewCell.xib in Resources */ = {isa = PBXBuildFile; fileRef = FA2EF0D81E8990BF005BAA25 /* WhaleQuestionCollectionViewCell.xib */; };
		FA2EF0DB1E89913B005BAA25 /* WhaleQuestionCollectionViewCell.swift in Sources */ = {isa = PBXBuildFile; fileRef = FA2EF0DA1E89913B005BAA25 /* WhaleQuestionCollectionViewCell.swift */; };
		FA31409F1E82F4BC00A917A0 /* ProfileHeader.xib in Resources */ = {isa = PBXBuildFile; fileRef = FA31409E1E82F4BC00A917A0 /* ProfileHeader.xib */; };
		FA3140A11E82F5C500A917A0 /* ProfileHeader.swift in Sources */ = {isa = PBXBuildFile; fileRef = FA3140A01E82F5C500A917A0 /* ProfileHeader.swift */; };
		FA3140FB1E8315C600A917A0 /* WhaleAPI.swift in Sources */ = {isa = PBXBuildFile; fileRef = FA3140FA1E8315C600A917A0 /* WhaleAPI.swift */; };
		FA3140FD1E831BEC00A917A0 /* LoginViewController.swift in Sources */ = {isa = PBXBuildFile; fileRef = FA3140FC1E831BEC00A917A0 /* LoginViewController.swift */; };
		FA3140FF1E8323C300A917A0 /* WhaleVideoView.xib in Resources */ = {isa = PBXBuildFile; fileRef = FA3140FE1E8323C300A917A0 /* WhaleVideoView.xib */; };
		FA3141011E8323F400A917A0 /* WhaleVideoView.swift in Sources */ = {isa = PBXBuildFile; fileRef = FA3141001E8323F400A917A0 /* WhaleVideoView.swift */; };
		FAD5A6781E80472B003510D8 /* AppDelegate.swift in Sources */ = {isa = PBXBuildFile; fileRef = FAD5A6771E80472B003510D8 /* AppDelegate.swift */; };
		FAD5A67D1E80472B003510D8 /* Main.storyboard in Resources */ = {isa = PBXBuildFile; fileRef = FAD5A67B1E80472B003510D8 /* Main.storyboard */; };
		FAD5A67F1E80472B003510D8 /* Assets.xcassets in Resources */ = {isa = PBXBuildFile; fileRef = FAD5A67E1E80472B003510D8 /* Assets.xcassets */; };
		FAD5A6821E80472B003510D8 /* LaunchScreen.storyboard in Resources */ = {isa = PBXBuildFile; fileRef = FAD5A6801E80472B003510D8 /* LaunchScreen.storyboard */; };
		FAD5A68D1E80472B003510D8 /* whale_ios_alexanderdejeuTests.swift in Sources */ = {isa = PBXBuildFile; fileRef = FAD5A68C1E80472B003510D8 /* whale_ios_alexanderdejeuTests.swift */; };
		FAD5A6981E80472B003510D8 /* whale_ios_alexanderdejeuUITests.swift in Sources */ = {isa = PBXBuildFile; fileRef = FAD5A6971E80472B003510D8 /* whale_ios_alexanderdejeuUITests.swift */; };
		FAD5A6B11E805258003510D8 /* Home.storyboard in Resources */ = {isa = PBXBuildFile; fileRef = FAD5A6AF1E805258003510D8 /* Home.storyboard */; };
		FAD5A6B31E8052B6003510D8 /* Activity.storyboard in Resources */ = {isa = PBXBuildFile; fileRef = FAD5A6B21E8052B6003510D8 /* Activity.storyboard */; };
		FAD5A6B61E805304003510D8 /* Profile.storyboard in Resources */ = {isa = PBXBuildFile; fileRef = FAD5A6B41E805304003510D8 /* Profile.storyboard */; };
/* End PBXBuildFile section */

/* Begin PBXContainerItemProxy section */
		FAD5A6891E80472B003510D8 /* PBXContainerItemProxy */ = {
			isa = PBXContainerItemProxy;
			containerPortal = FAD5A66C1E80472B003510D8 /* Project object */;
			proxyType = 1;
			remoteGlobalIDString = FAD5A6731E80472B003510D8;
			remoteInfo = "whale-ios-alexanderdejeu";
		};
		FAD5A6941E80472B003510D8 /* PBXContainerItemProxy */ = {
			isa = PBXContainerItemProxy;
			containerPortal = FAD5A66C1E80472B003510D8 /* Project object */;
			proxyType = 1;
			remoteGlobalIDString = FAD5A6731E80472B003510D8;
			remoteInfo = "whale-ios-alexanderdejeu";
		};
/* End PBXContainerItemProxy section */

/* Begin PBXFileReference section */
		1179EF7B520B34E5C87BA733 /* Pods-whale-ios-alexanderdejeuUITests.release.xcconfig */ = {isa = PBXFileReference; includeInIndex = 1; lastKnownFileType = text.xcconfig; name = "Pods-whale-ios-alexanderdejeuUITests.release.xcconfig"; path = "Pods/Target Support Files/Pods-whale-ios-alexanderdejeuUITests/Pods-whale-ios-alexanderdejeuUITests.release.xcconfig"; sourceTree = "<group>"; };
		1AA0D74498001FD6F4341A27 /* Pods-whale-ios-alexanderdejeu.release.xcconfig */ = {isa = PBXFileReference; includeInIndex = 1; lastKnownFileType = text.xcconfig; name = "Pods-whale-ios-alexanderdejeu.release.xcconfig"; path = "Pods/Target Support Files/Pods-whale-ios-alexanderdejeu/Pods-whale-ios-alexanderdejeu.release.xcconfig"; sourceTree = "<group>"; };
		2D846B4E7D039B6B64ABE7EC /* Pods_whale_ios_alexanderdejeuTests.framework */ = {isa = PBXFileReference; explicitFileType = wrapper.framework; includeInIndex = 0; path = Pods_whale_ios_alexanderdejeuTests.framework; sourceTree = BUILT_PRODUCTS_DIR; };
		49F817ADDA55089B08B16F09 /* Pods_whale_ios_alexanderdejeuUITests.framework */ = {isa = PBXFileReference; explicitFileType = wrapper.framework; includeInIndex = 0; path = Pods_whale_ios_alexanderdejeuUITests.framework; sourceTree = BUILT_PRODUCTS_DIR; };
		A5B1253A8C343858FE69AA95 /* Pods-whale-ios-alexanderdejeuTests.debug.xcconfig */ = {isa = PBXFileReference; includeInIndex = 1; lastKnownFileType = text.xcconfig; name = "Pods-whale-ios-alexanderdejeuTests.debug.xcconfig"; path = "Pods/Target Support Files/Pods-whale-ios-alexanderdejeuTests/Pods-whale-ios-alexanderdejeuTests.debug.xcconfig"; sourceTree = "<group>"; };
		D0892ECEFE0D95F21FE6E386 /* Pods-whale-ios-alexanderdejeu.debug.xcconfig */ = {isa = PBXFileReference; includeInIndex = 1; lastKnownFileType = text.xcconfig; name = "Pods-whale-ios-alexanderdejeu.debug.xcconfig"; path = "Pods/Target Support Files/Pods-whale-ios-alexanderdejeu/Pods-whale-ios-alexanderdejeu.debug.xcconfig"; sourceTree = "<group>"; };
		EE7DA94B8E19C3C96CC9ADE0 /* Pods_whale_ios_alexanderdejeu.framework */ = {isa = PBXFileReference; explicitFileType = wrapper.framework; includeInIndex = 0; path = Pods_whale_ios_alexanderdejeu.framework; sourceTree = BUILT_PRODUCTS_DIR; };
		EE9C3ED707086D07440EA0A0 /* Pods-whale-ios-alexanderdejeuTests.release.xcconfig */ = {isa = PBXFileReference; includeInIndex = 1; lastKnownFileType = text.xcconfig; name = "Pods-whale-ios-alexanderdejeuTests.release.xcconfig"; path = "Pods/Target Support Files/Pods-whale-ios-alexanderdejeuTests/Pods-whale-ios-alexanderdejeuTests.release.xcconfig"; sourceTree = "<group>"; };
		F4AB2E0FDF234E765BA7C3B9 /* Pods-whale-ios-alexanderdejeuUITests.debug.xcconfig */ = {isa = PBXFileReference; includeInIndex = 1; lastKnownFileType = text.xcconfig; name = "Pods-whale-ios-alexanderdejeuUITests.debug.xcconfig"; path = "Pods/Target Support Files/Pods-whale-ios-alexanderdejeuUITests/Pods-whale-ios-alexanderdejeuUITests.debug.xcconfig"; sourceTree = "<group>"; };
		FA214ACE1E8C30DC00638F38 /* ActivityViewController.swift */ = {isa = PBXFileReference; fileEncoding = 4; lastKnownFileType = sourcecode.swift; path = ActivityViewController.swift; sourceTree = "<group>"; };
		FA23FC551E9808E80074E566 /* HomeViewController.swift */ = {isa = PBXFileReference; fileEncoding = 4; lastKnownFileType = sourcecode.swift; path = HomeViewController.swift; sourceTree = "<group>"; };
		FA2EF0D81E8990BF005BAA25 /* WhaleQuestionCollectionViewCell.xib */ = {isa = PBXFileReference; fileEncoding = 4; lastKnownFileType = file.xib; path = WhaleQuestionCollectionViewCell.xib; sourceTree = "<group>"; };
		FA2EF0DA1E89913B005BAA25 /* WhaleQuestionCollectionViewCell.swift */ = {isa = PBXFileReference; fileEncoding = 4; lastKnownFileType = sourcecode.swift; path = WhaleQuestionCollectionViewCell.swift; sourceTree = "<group>"; };
		FA31409E1E82F4BC00A917A0 /* ProfileHeader.xib */ = {isa = PBXFileReference; fileEncoding = 4; lastKnownFileType = file.xib; path = ProfileHeader.xib; sourceTree = "<group>"; };
		FA3140A01E82F5C500A917A0 /* ProfileHeader.swift */ = {isa = PBXFileReference; fileEncoding = 4; lastKnownFileType = sourcecode.swift; path = ProfileHeader.swift; sourceTree = "<group>"; };
		FA3140FA1E8315C600A917A0 /* WhaleAPI.swift */ = {isa = PBXFileReference; fileEncoding = 4; lastKnownFileType = sourcecode.swift; path = WhaleAPI.swift; sourceTree = "<group>"; };
		FA3140FC1E831BEC00A917A0 /* LoginViewController.swift */ = {isa = PBXFileReference; fileEncoding = 4; lastKnownFileType = sourcecode.swift; path = LoginViewController.swift; sourceTree = "<group>"; };
		FA3140FE1E8323C300A917A0 /* WhaleVideoView.xib */ = {isa = PBXFileReference; fileEncoding = 4; lastKnownFileType = file.xib; path = WhaleVideoView.xib; sourceTree = "<group>"; };
		FA3141001E8323F400A917A0 /* WhaleVideoView.swift */ = {isa = PBXFileReference; fileEncoding = 4; lastKnownFileType = sourcecode.swift; path = WhaleVideoView.swift; sourceTree = "<group>"; };
		FAD5A6741E80472B003510D8 /* whale-ios-alexanderdejeu.app */ = {isa = PBXFileReference; explicitFileType = wrapper.application; includeInIndex = 0; path = "whale-ios-alexanderdejeu.app"; sourceTree = BUILT_PRODUCTS_DIR; };
		FAD5A6771E80472B003510D8 /* AppDelegate.swift */ = {isa = PBXFileReference; lastKnownFileType = sourcecode.swift; path = AppDelegate.swift; sourceTree = "<group>"; };
		FAD5A67C1E80472B003510D8 /* Base */ = {isa = PBXFileReference; lastKnownFileType = file.storyboard; name = Base; path = Base.lproj/Main.storyboard; sourceTree = "<group>"; };
		FAD5A67E1E80472B003510D8 /* Assets.xcassets */ = {isa = PBXFileReference; lastKnownFileType = folder.assetcatalog; path = Assets.xcassets; sourceTree = "<group>"; };
		FAD5A6811E80472B003510D8 /* Base */ = {isa = PBXFileReference; lastKnownFileType = file.storyboard; name = Base; path = Base.lproj/LaunchScreen.storyboard; sourceTree = "<group>"; };
		FAD5A6831E80472B003510D8 /* Info.plist */ = {isa = PBXFileReference; lastKnownFileType = text.plist.xml; path = Info.plist; sourceTree = "<group>"; };
		FAD5A6881E80472B003510D8 /* whale-ios-alexanderdejeuTests.xctest */ = {isa = PBXFileReference; explicitFileType = wrapper.cfbundle; includeInIndex = 0; path = "whale-ios-alexanderdejeuTests.xctest"; sourceTree = BUILT_PRODUCTS_DIR; };
		FAD5A68C1E80472B003510D8 /* whale_ios_alexanderdejeuTests.swift */ = {isa = PBXFileReference; lastKnownFileType = sourcecode.swift; path = whale_ios_alexanderdejeuTests.swift; sourceTree = "<group>"; };
		FAD5A68E1E80472B003510D8 /* Info.plist */ = {isa = PBXFileReference; lastKnownFileType = text.plist.xml; path = Info.plist; sourceTree = "<group>"; };
		FAD5A6931E80472B003510D8 /* whale-ios-alexanderdejeuUITests.xctest */ = {isa = PBXFileReference; explicitFileType = wrapper.cfbundle; includeInIndex = 0; path = "whale-ios-alexanderdejeuUITests.xctest"; sourceTree = BUILT_PRODUCTS_DIR; };
		FAD5A6971E80472B003510D8 /* whale_ios_alexanderdejeuUITests.swift */ = {isa = PBXFileReference; lastKnownFileType = sourcecode.swift; path = whale_ios_alexanderdejeuUITests.swift; sourceTree = "<group>"; };
		FAD5A6991E80472B003510D8 /* Info.plist */ = {isa = PBXFileReference; lastKnownFileType = text.plist.xml; path = Info.plist; sourceTree = "<group>"; };
		FAD5A6B01E805258003510D8 /* Base */ = {isa = PBXFileReference; lastKnownFileType = file.storyboard; name = Base; path = Base.lproj/Home.storyboard; sourceTree = "<group>"; };
		FAD5A6B21E8052B6003510D8 /* Activity.storyboard */ = {isa = PBXFileReference; fileEncoding = 4; lastKnownFileType = file.storyboard; path = Activity.storyboard; sourceTree = "<group>"; };
		FAD5A6B51E805304003510D8 /* Base */ = {isa = PBXFileReference; lastKnownFileType = file.storyboard; name = Base; path = "whale-ios-alexanderdejeu/Base.lproj/Profile.storyboard"; sourceTree = "<group>"; };
/* End PBXFileReference section */

/* Begin PBXFrameworksBuildPhase section */
		FAD5A6711E80472B003510D8 /* Frameworks */ = {
			isa = PBXFrameworksBuildPhase;
			buildActionMask = 2147483647;
			files = (
				68244D959B2E5B345BF3CB30 /* Pods_whale_ios_alexanderdejeu.framework in Frameworks */,
			);
			runOnlyForDeploymentPostprocessing = 0;
		};
		FAD5A6851E80472B003510D8 /* Frameworks */ = {
			isa = PBXFrameworksBuildPhase;
			buildActionMask = 2147483647;
			files = (
				2D08C9A87771A5D6F0854F83 /* Pods_whale_ios_alexanderdejeuTests.framework in Frameworks */,
			);
			runOnlyForDeploymentPostprocessing = 0;
		};
		FAD5A6901E80472B003510D8 /* Frameworks */ = {
			isa = PBXFrameworksBuildPhase;
			buildActionMask = 2147483647;
			files = (
				A6D6D89C843C219E3C78C6B7 /* Pods_whale_ios_alexanderdejeuUITests.framework in Frameworks */,
			);
			runOnlyForDeploymentPostprocessing = 0;
		};
/* End PBXFrameworksBuildPhase section */

/* Begin PBXGroup section */
		32582BA055C2100B86A37D85 /* Pods */ = {
			isa = PBXGroup;
			children = (
				D0892ECEFE0D95F21FE6E386 /* Pods-whale-ios-alexanderdejeu.debug.xcconfig */,
				1AA0D74498001FD6F4341A27 /* Pods-whale-ios-alexanderdejeu.release.xcconfig */,
				A5B1253A8C343858FE69AA95 /* Pods-whale-ios-alexanderdejeuTests.debug.xcconfig */,
				EE9C3ED707086D07440EA0A0 /* Pods-whale-ios-alexanderdejeuTests.release.xcconfig */,
				F4AB2E0FDF234E765BA7C3B9 /* Pods-whale-ios-alexanderdejeuUITests.debug.xcconfig */,
				1179EF7B520B34E5C87BA733 /* Pods-whale-ios-alexanderdejeuUITests.release.xcconfig */,
			);
			name = Pods;
			sourceTree = "<group>";
		};
		8FCB2CDFFF88A1A106CF5470 /* Frameworks */ = {
			isa = PBXGroup;
			children = (
				EE7DA94B8E19C3C96CC9ADE0 /* Pods_whale_ios_alexanderdejeu.framework */,
				2D846B4E7D039B6B64ABE7EC /* Pods_whale_ios_alexanderdejeuTests.framework */,
				49F817ADDA55089B08B16F09 /* Pods_whale_ios_alexanderdejeuUITests.framework */,
			);
			name = Frameworks;
			sourceTree = "<group>";
		};
		FA214ACD1E8C302000638F38 /* ActivityViewController */ = {
			isa = PBXGroup;
			children = (
				FA214ACE1E8C30DC00638F38 /* ActivityViewController.swift */,
			);
			path = ActivityViewController;
			sourceTree = "<group>";
		};
		FA23FC541E9808CC0074E566 /* HomeViewController */ = {
			isa = PBXGroup;
			children = (
				FA23FC551E9808E80074E566 /* HomeViewController.swift */,
			);
			path = HomeViewController;
			sourceTree = "<group>";
		};
		FA2EF0D71E8990A6005BAA25 /* WhaleQuestionCell */ = {
			isa = PBXGroup;
			children = (
				FA2EF0D81E8990BF005BAA25 /* WhaleQuestionCollectionViewCell.xib */,
				FA2EF0DA1E89913B005BAA25 /* WhaleQuestionCollectionViewCell.swift */,
			);
			path = WhaleQuestionCell;
			sourceTree = "<group>";
		};
		FA31409C1E82F46700A917A0 /* Scenes */ = {
			isa = PBXGroup;
			children = (
				FA23FC541E9808CC0074E566 /* HomeViewController */,
				FA214ACD1E8C302000638F38 /* ActivityViewController */,
				FA2EF0D71E8990A6005BAA25 /* WhaleQuestionCell */,
				FA3140A31E830D3300A917A0 /* LoginSingup */,
				FA3140A21E83010F00A917A0 /* WhaleVideoPlayer */,
				FA31409D1E82F47E00A917A0 /* Profile */,
			);
			path = Scenes;
			sourceTree = "<group>";
		};
		FA31409D1E82F47E00A917A0 /* Profile */ = {
			isa = PBXGroup;
			children = (
				FA31409E1E82F4BC00A917A0 /* ProfileHeader.xib */,
				FA3140A01E82F5C500A917A0 /* ProfileHeader.swift */,
			);
			path = Profile;
			sourceTree = "<group>";
		};
		FA3140A21E83010F00A917A0 /* WhaleVideoPlayer */ = {
			isa = PBXGroup;
			children = (
				FA3140FE1E8323C300A917A0 /* WhaleVideoView.xib */,
				FA3141001E8323F400A917A0 /* WhaleVideoView.swift */,
			);
			path = WhaleVideoPlayer;
			sourceTree = "<group>";
		};
		FA3140A31E830D3300A917A0 /* LoginSingup */ = {
			isa = PBXGroup;
			children = (
				FA3140FC1E831BEC00A917A0 /* LoginViewController.swift */,
			);
			path = LoginSingup;
			sourceTree = "<group>";
		};
		FA3140F91E8315AB00A917A0 /* APIClient */ = {
			isa = PBXGroup;
			children = (
				FA3140FA1E8315C600A917A0 /* WhaleAPI.swift */,
			);
			path = APIClient;
			sourceTree = "<group>";
		};
		FAD5A66B1E80472B003510D8 = {
			isa = PBXGroup;
			children = (
				FAD5A6761E80472B003510D8 /* whale-ios-alexanderdejeu */,
				FAD5A68B1E80472B003510D8 /* whale-ios-alexanderdejeuTests */,
				FAD5A6961E80472B003510D8 /* whale-ios-alexanderdejeuUITests */,
				FAD5A6751E80472B003510D8 /* Products */,
				32582BA055C2100B86A37D85 /* Pods */,
				8FCB2CDFFF88A1A106CF5470 /* Frameworks */,
			);
			sourceTree = "<group>";
		};
		FAD5A6751E80472B003510D8 /* Products */ = {
			isa = PBXGroup;
			children = (
				FAD5A6741E80472B003510D8 /* whale-ios-alexanderdejeu.app */,
				FAD5A6881E80472B003510D8 /* whale-ios-alexanderdejeuTests.xctest */,
				FAD5A6931E80472B003510D8 /* whale-ios-alexanderdejeuUITests.xctest */,
			);
			name = Products;
			sourceTree = "<group>";
		};
		FAD5A6761E80472B003510D8 /* whale-ios-alexanderdejeu */ = {
			isa = PBXGroup;
			children = (
				FAD5A6A51E804853003510D8 /* Extensions */,
				FAD5A6A61E804853003510D8 /* Networking */,
				FAD5A6A91E804853003510D8 /* UI */,
				FAD5A6771E80472B003510D8 /* AppDelegate.swift */,
				FAD5A67E1E80472B003510D8 /* Assets.xcassets */,
				FAD5A6801E80472B003510D8 /* LaunchScreen.storyboard */,
				FAD5A6831E80472B003510D8 /* Info.plist */,
			);
			path = "whale-ios-alexanderdejeu";
			sourceTree = "<group>";
		};
		FAD5A68B1E80472B003510D8 /* whale-ios-alexanderdejeuTests */ = {
			isa = PBXGroup;
			children = (
				FAD5A68C1E80472B003510D8 /* whale_ios_alexanderdejeuTests.swift */,
				FAD5A68E1E80472B003510D8 /* Info.plist */,
			);
			path = "whale-ios-alexanderdejeuTests";
			sourceTree = "<group>";
		};
		FAD5A6961E80472B003510D8 /* whale-ios-alexanderdejeuUITests */ = {
			isa = PBXGroup;
			children = (
				FAD5A6971E80472B003510D8 /* whale_ios_alexanderdejeuUITests.swift */,
				FAD5A6991E80472B003510D8 /* Info.plist */,
			);
			path = "whale-ios-alexanderdejeuUITests";
			sourceTree = "<group>";
		};
		FAD5A6A51E804853003510D8 /* Extensions */ = {
			isa = PBXGroup;
			children = (
			);
			path = Extensions;
			sourceTree = "<group>";
		};
		FAD5A6A61E804853003510D8 /* Networking */ = {
			isa = PBXGroup;
			children = (
				FA3140F91E8315AB00A917A0 /* APIClient */,
				FAD5A6AE1E80488A003510D8 /* Models */,
			);
			path = Networking;
			sourceTree = "<group>";
		};
		FAD5A6A91E804853003510D8 /* UI */ = {
			isa = PBXGroup;
			children = (
				FA31409C1E82F46700A917A0 /* Scenes */,
				FAD5A6AA1E804853003510D8 /* Cells */,
				FAD5A6AC1E804853003510D8 /* Storyboards */,
			);
			path = UI;
			sourceTree = "<group>";
		};
		FAD5A6AA1E804853003510D8 /* Cells */ = {
			isa = PBXGroup;
			children = (
			);
			path = Cells;
			sourceTree = "<group>";
		};
		FAD5A6AC1E804853003510D8 /* Storyboards */ = {
			isa = PBXGroup;
			children = (
				FAD5A6B21E8052B6003510D8 /* Activity.storyboard */,
				FAD5A67B1E80472B003510D8 /* Main.storyboard */,
				FAD5A6B41E805304003510D8 /* Profile.storyboard */,
				FAD5A6AF1E805258003510D8 /* Home.storyboard */,
			);
			path = Storyboards;
			sourceTree = "<group>";
		};
		FAD5A6AE1E80488A003510D8 /* Models */ = {
			isa = PBXGroup;
			children = (
			);
			path = Models;
			sourceTree = "<group>";
		};
/* End PBXGroup section */

/* Begin PBXNativeTarget section */
		FAD5A6731E80472B003510D8 /* whale-ios-alexanderdejeu */ = {
			isa = PBXNativeTarget;
			buildConfigurationList = FAD5A69C1E80472B003510D8 /* Build configuration list for PBXNativeTarget "whale-ios-alexanderdejeu" */;
			buildPhases = (
				7BC6632A4791BB5DE0C9D7EC /* [CP] Check Pods Manifest.lock */,
				FAD5A6701E80472B003510D8 /* Sources */,
				FAD5A6711E80472B003510D8 /* Frameworks */,
				FAD5A6721E80472B003510D8 /* Resources */,
				863B5F65648373A7327BB455 /* [CP] Embed Pods Frameworks */,
				A6F5612BEA7099F5D5EA9D45 /* [CP] Copy Pods Resources */,
			);
			buildRules = (
			);
			dependencies = (
			);
			name = "whale-ios-alexanderdejeu";
			productName = "whale-ios-alexanderdejeu";
			productReference = FAD5A6741E80472B003510D8 /* whale-ios-alexanderdejeu.app */;
			productType = "com.apple.product-type.application";
		};
		FAD5A6871E80472B003510D8 /* whale-ios-alexanderdejeuTests */ = {
			isa = PBXNativeTarget;
			buildConfigurationList = FAD5A69F1E80472B003510D8 /* Build configuration list for PBXNativeTarget "whale-ios-alexanderdejeuTests" */;
			buildPhases = (
				A5FD5BF0250811D94C8A2BC1 /* [CP] Check Pods Manifest.lock */,
				FAD5A6841E80472B003510D8 /* Sources */,
				FAD5A6851E80472B003510D8 /* Frameworks */,
				FAD5A6861E80472B003510D8 /* Resources */,
				BE651536B1419F88DB13A6E7 /* [CP] Embed Pods Frameworks */,
				7F87D73FE270B190F98D0738 /* [CP] Copy Pods Resources */,
			);
			buildRules = (
			);
			dependencies = (
				FAD5A68A1E80472B003510D8 /* PBXTargetDependency */,
			);
			name = "whale-ios-alexanderdejeuTests";
			productName = "whale-ios-alexanderdejeuTests";
			productReference = FAD5A6881E80472B003510D8 /* whale-ios-alexanderdejeuTests.xctest */;
			productType = "com.apple.product-type.bundle.unit-test";
		};
		FAD5A6921E80472B003510D8 /* whale-ios-alexanderdejeuUITests */ = {
			isa = PBXNativeTarget;
			buildConfigurationList = FAD5A6A21E80472B003510D8 /* Build configuration list for PBXNativeTarget "whale-ios-alexanderdejeuUITests" */;
			buildPhases = (
				BF78D6E95DB00BB4960244D4 /* [CP] Check Pods Manifest.lock */,
				FAD5A68F1E80472B003510D8 /* Sources */,
				FAD5A6901E80472B003510D8 /* Frameworks */,
				FAD5A6911E80472B003510D8 /* Resources */,
				2C7E28E2262F7BEDD4FFEEC0 /* [CP] Embed Pods Frameworks */,
				FB8EFEF83DC200D8E7F9F62B /* [CP] Copy Pods Resources */,
			);
			buildRules = (
			);
			dependencies = (
				FAD5A6951E80472B003510D8 /* PBXTargetDependency */,
			);
			name = "whale-ios-alexanderdejeuUITests";
			productName = "whale-ios-alexanderdejeuUITests";
			productReference = FAD5A6931E80472B003510D8 /* whale-ios-alexanderdejeuUITests.xctest */;
			productType = "com.apple.product-type.bundle.ui-testing";
		};
/* End PBXNativeTarget section */

/* Begin PBXProject section */
		FAD5A66C1E80472B003510D8 /* Project object */ = {
			isa = PBXProject;
			attributes = {
				LastSwiftUpdateCheck = 0820;
				LastUpgradeCheck = 0820;
				ORGANIZATIONNAME = "Do Good Technology";
				TargetAttributes = {
					FAD5A6731E80472B003510D8 = {
						CreatedOnToolsVersion = 8.2.1;
						DevelopmentTeam = P2AA55448J;
						ProvisioningStyle = Automatic;
					};
					FAD5A6871E80472B003510D8 = {
						CreatedOnToolsVersion = 8.2.1;
						DevelopmentTeam = P2AA55448J;
						ProvisioningStyle = Automatic;
						TestTargetID = FAD5A6731E80472B003510D8;
					};
					FAD5A6921E80472B003510D8 = {
						CreatedOnToolsVersion = 8.2.1;
						DevelopmentTeam = P2AA55448J;
						ProvisioningStyle = Automatic;
						TestTargetID = FAD5A6731E80472B003510D8;
					};
				};
			};
			buildConfigurationList = FAD5A66F1E80472B003510D8 /* Build configuration list for PBXProject "whale-ios-alexanderdejeu" */;
			compatibilityVersion = "Xcode 3.2";
			developmentRegion = English;
			hasScannedForEncodings = 0;
			knownRegions = (
				en,
				Base,
			);
			mainGroup = FAD5A66B1E80472B003510D8;
			productRefGroup = FAD5A6751E80472B003510D8 /* Products */;
			projectDirPath = "";
			projectRoot = "";
			targets = (
				FAD5A6731E80472B003510D8 /* whale-ios-alexanderdejeu */,
				FAD5A6871E80472B003510D8 /* whale-ios-alexanderdejeuTests */,
				FAD5A6921E80472B003510D8 /* whale-ios-alexanderdejeuUITests */,
			);
		};
/* End PBXProject section */

/* Begin PBXResourcesBuildPhase section */
		FAD5A6721E80472B003510D8 /* Resources */ = {
			isa = PBXResourcesBuildPhase;
			buildActionMask = 2147483647;
			files = (
				FA2EF0D91E8990BF005BAA25 /* WhaleQuestionCollectionViewCell.xib in Resources */,
				FAD5A6B61E805304003510D8 /* Profile.storyboard in Resources */,
				FAD5A6821E80472B003510D8 /* LaunchScreen.storyboard in Resources */,
				FAD5A67F1E80472B003510D8 /* Assets.xcassets in Resources */,
				FA31409F1E82F4BC00A917A0 /* ProfileHeader.xib in Resources */,
				FAD5A6B31E8052B6003510D8 /* Activity.storyboard in Resources */,
				FAD5A67D1E80472B003510D8 /* Main.storyboard in Resources */,
				FA3140FF1E8323C300A917A0 /* WhaleVideoView.xib in Resources */,
				FAD5A6B11E805258003510D8 /* Home.storyboard in Resources */,
			);
			runOnlyForDeploymentPostprocessing = 0;
		};
		FAD5A6861E80472B003510D8 /* Resources */ = {
			isa = PBXResourcesBuildPhase;
			buildActionMask = 2147483647;
			files = (
			);
			runOnlyForDeploymentPostprocessing = 0;
		};
		FAD5A6911E80472B003510D8 /* Resources */ = {
			isa = PBXResourcesBuildPhase;
			buildActionMask = 2147483647;
			files = (
			);
			runOnlyForDeploymentPostprocessing = 0;
		};
/* End PBXResourcesBuildPhase section */

/* Begin PBXShellScriptBuildPhase section */
		2C7E28E2262F7BEDD4FFEEC0 /* [CP] Embed Pods Frameworks */ = {
			isa = PBXShellScriptBuildPhase;
			buildActionMask = 2147483647;
			files = (
			);
			inputPaths = (
			);
			name = "[CP] Embed Pods Frameworks";
			outputPaths = (
			);
			runOnlyForDeploymentPostprocessing = 0;
			shellPath = /bin/sh;
			shellScript = "\"${SRCROOT}/Pods/Target Support Files/Pods-whale-ios-alexanderdejeuUITests/Pods-whale-ios-alexanderdejeuUITests-frameworks.sh\"\n";
			showEnvVarsInLog = 0;
		};
		7BC6632A4791BB5DE0C9D7EC /* [CP] Check Pods Manifest.lock */ = {
			isa = PBXShellScriptBuildPhase;
			buildActionMask = 2147483647;
			files = (
			);
			inputPaths = (
			);
			name = "[CP] Check Pods Manifest.lock";
			outputPaths = (
			);
			runOnlyForDeploymentPostprocessing = 0;
			shellPath = /bin/sh;
			shellScript = "diff \"${PODS_ROOT}/../Podfile.lock\" \"${PODS_ROOT}/Manifest.lock\" > /dev/null\nif [ $? != 0 ] ; then\n    # print error to STDERR\n    echo \"error: The sandbox is not in sync with the Podfile.lock. Run 'pod install' or update your CocoaPods installation.\" >&2\n    exit 1\nfi\n";
			showEnvVarsInLog = 0;
		};
		7F87D73FE270B190F98D0738 /* [CP] Copy Pods Resources */ = {
			isa = PBXShellScriptBuildPhase;
			buildActionMask = 2147483647;
			files = (
			);
			inputPaths = (
			);
			name = "[CP] Copy Pods Resources";
			outputPaths = (
			);
			runOnlyForDeploymentPostprocessing = 0;
			shellPath = /bin/sh;
			shellScript = "\"${SRCROOT}/Pods/Target Support Files/Pods-whale-ios-alexanderdejeuTests/Pods-whale-ios-alexanderdejeuTests-resources.sh\"\n";
			showEnvVarsInLog = 0;
		};
		863B5F65648373A7327BB455 /* [CP] Embed Pods Frameworks */ = {
			isa = PBXShellScriptBuildPhase;
			buildActionMask = 2147483647;
			files = (
			);
			inputPaths = (
			);
			name = "[CP] Embed Pods Frameworks";
			outputPaths = (
			);
			runOnlyForDeploymentPostprocessing = 0;
			shellPath = /bin/sh;
			shellScript = "\"${SRCROOT}/Pods/Target Support Files/Pods-whale-ios-alexanderdejeu/Pods-whale-ios-alexanderdejeu-frameworks.sh\"\n";
			showEnvVarsInLog = 0;
		};
		A5FD5BF0250811D94C8A2BC1 /* [CP] Check Pods Manifest.lock */ = {
			isa = PBXShellScriptBuildPhase;
			buildActionMask = 2147483647;
			files = (
			);
			inputPaths = (
			);
			name = "[CP] Check Pods Manifest.lock";
			outputPaths = (
			);
			runOnlyForDeploymentPostprocessing = 0;
			shellPath = /bin/sh;
			shellScript = "diff \"${PODS_ROOT}/../Podfile.lock\" \"${PODS_ROOT}/Manifest.lock\" > /dev/null\nif [ $? != 0 ] ; then\n    # print error to STDERR\n    echo \"error: The sandbox is not in sync with the Podfile.lock. Run 'pod install' or update your CocoaPods installation.\" >&2\n    exit 1\nfi\n";
			showEnvVarsInLog = 0;
		};
		A6F5612BEA7099F5D5EA9D45 /* [CP] Copy Pods Resources */ = {
			isa = PBXShellScriptBuildPhase;
			buildActionMask = 2147483647;
			files = (
			);
			inputPaths = (
			);
			name = "[CP] Copy Pods Resources";
			outputPaths = (
			);
			runOnlyForDeploymentPostprocessing = 0;
			shellPath = /bin/sh;
			shellScript = "\"${SRCROOT}/Pods/Target Support Files/Pods-whale-ios-alexanderdejeu/Pods-whale-ios-alexanderdejeu-resources.sh\"\n";
			showEnvVarsInLog = 0;
		};
		BE651536B1419F88DB13A6E7 /* [CP] Embed Pods Frameworks */ = {
			isa = PBXShellScriptBuildPhase;
			buildActionMask = 2147483647;
			files = (
			);
			inputPaths = (
			);
			name = "[CP] Embed Pods Frameworks";
			outputPaths = (
			);
			runOnlyForDeploymentPostprocessing = 0;
			shellPath = /bin/sh;
			shellScript = "\"${SRCROOT}/Pods/Target Support Files/Pods-whale-ios-alexanderdejeuTests/Pods-whale-ios-alexanderdejeuTests-frameworks.sh\"\n";
			showEnvVarsInLog = 0;
		};
		BF78D6E95DB00BB4960244D4 /* [CP] Check Pods Manifest.lock */ = {
			isa = PBXShellScriptBuildPhase;
			buildActionMask = 2147483647;
			files = (
			);
			inputPaths = (
			);
			name = "[CP] Check Pods Manifest.lock";
			outputPaths = (
			);
			runOnlyForDeploymentPostprocessing = 0;
			shellPath = /bin/sh;
			shellScript = "diff \"${PODS_ROOT}/../Podfile.lock\" \"${PODS_ROOT}/Manifest.lock\" > /dev/null\nif [ $? != 0 ] ; then\n    # print error to STDERR\n    echo \"error: The sandbox is not in sync with the Podfile.lock. Run 'pod install' or update your CocoaPods installation.\" >&2\n    exit 1\nfi\n";
			showEnvVarsInLog = 0;
		};
		FB8EFEF83DC200D8E7F9F62B /* [CP] Copy Pods Resources */ = {
			isa = PBXShellScriptBuildPhase;
			buildActionMask = 2147483647;
			files = (
			);
			inputPaths = (
			);
			name = "[CP] Copy Pods Resources";
			outputPaths = (
			);
			runOnlyForDeploymentPostprocessing = 0;
			shellPath = /bin/sh;
			shellScript = "\"${SRCROOT}/Pods/Target Support Files/Pods-whale-ios-alexanderdejeuUITests/Pods-whale-ios-alexanderdejeuUITests-resources.sh\"\n";
			showEnvVarsInLog = 0;
		};
/* End PBXShellScriptBuildPhase section */

/* Begin PBXSourcesBuildPhase section */
		FAD5A6701E80472B003510D8 /* Sources */ = {
			isa = PBXSourcesBuildPhase;
			buildActionMask = 2147483647;
			files = (
				FA2EF0DB1E89913B005BAA25 /* WhaleQuestionCollectionViewCell.swift in Sources */,
				FA3140FD1E831BEC00A917A0 /* LoginViewController.swift in Sources */,
				FA3140A11E82F5C500A917A0 /* ProfileHeader.swift in Sources */,
				FA23FC561E9808E80074E566 /* HomeViewController.swift in Sources */,
				FA3140FB1E8315C600A917A0 /* WhaleAPI.swift in Sources */,
				FA214ACF1E8C30DC00638F38 /* ActivityViewController.swift in Sources */,
				FA3141011E8323F400A917A0 /* WhaleVideoView.swift in Sources */,
				FAD5A6781E80472B003510D8 /* AppDelegate.swift in Sources */,
			);
			runOnlyForDeploymentPostprocessing = 0;
		};
		FAD5A6841E80472B003510D8 /* Sources */ = {
			isa = PBXSourcesBuildPhase;
			buildActionMask = 2147483647;
			files = (
				FAD5A68D1E80472B003510D8 /* whale_ios_alexanderdejeuTests.swift in Sources */,
			);
			runOnlyForDeploymentPostprocessing = 0;
		};
		FAD5A68F1E80472B003510D8 /* Sources */ = {
			isa = PBXSourcesBuildPhase;
			buildActionMask = 2147483647;
			files = (
				FAD5A6981E80472B003510D8 /* whale_ios_alexanderdejeuUITests.swift in Sources */,
			);
			runOnlyForDeploymentPostprocessing = 0;
		};
/* End PBXSourcesBuildPhase section */

/* Begin PBXTargetDependency section */
		FAD5A68A1E80472B003510D8 /* PBXTargetDependency */ = {
			isa = PBXTargetDependency;
			target = FAD5A6731E80472B003510D8 /* whale-ios-alexanderdejeu */;
			targetProxy = FAD5A6891E80472B003510D8 /* PBXContainerItemProxy */;
		};
		FAD5A6951E80472B003510D8 /* PBXTargetDependency */ = {
			isa = PBXTargetDependency;
			target = FAD5A6731E80472B003510D8 /* whale-ios-alexanderdejeu */;
			targetProxy = FAD5A6941E80472B003510D8 /* PBXContainerItemProxy */;
		};
/* End PBXTargetDependency section */

/* Begin PBXVariantGroup section */
		FAD5A67B1E80472B003510D8 /* Main.storyboard */ = {
			isa = PBXVariantGroup;
			children = (
				FAD5A67C1E80472B003510D8 /* Base */,
			);
			name = Main.storyboard;
			path = ../..;
			sourceTree = "<group>";
		};
		FAD5A6801E80472B003510D8 /* LaunchScreen.storyboard */ = {
			isa = PBXVariantGroup;
			children = (
				FAD5A6811E80472B003510D8 /* Base */,
			);
			name = LaunchScreen.storyboard;
			sourceTree = "<group>";
		};
		FAD5A6AF1E805258003510D8 /* Home.storyboard */ = {
			isa = PBXVariantGroup;
			children = (
				FAD5A6B01E805258003510D8 /* Base */,
			);
			name = Home.storyboard;
			path = ../..;
			sourceTree = "<group>";
		};
		FAD5A6B41E805304003510D8 /* Profile.storyboard */ = {
			isa = PBXVariantGroup;
			children = (
				FAD5A6B51E805304003510D8 /* Base */,
			);
			name = Profile.storyboard;
			path = ../../..;
			sourceTree = "<group>";
		};
/* End PBXVariantGroup section */

/* Begin XCBuildConfiguration section */
		FAD5A69A1E80472B003510D8 /* Debug */ = {
			isa = XCBuildConfiguration;
			buildSettings = {
				ALWAYS_SEARCH_USER_PATHS = NO;
				CLANG_ANALYZER_NONNULL = YES;
				CLANG_CXX_LANGUAGE_STANDARD = "gnu++0x";
				CLANG_CXX_LIBRARY = "libc++";
				CLANG_ENABLE_MODULES = YES;
				CLANG_ENABLE_OBJC_ARC = YES;
				CLANG_WARN_BOOL_CONVERSION = YES;
				CLANG_WARN_CONSTANT_CONVERSION = YES;
				CLANG_WARN_DIRECT_OBJC_ISA_USAGE = YES_ERROR;
				CLANG_WARN_DOCUMENTATION_COMMENTS = YES;
				CLANG_WARN_EMPTY_BODY = YES;
				CLANG_WARN_ENUM_CONVERSION = YES;
				CLANG_WARN_INFINITE_RECURSION = YES;
				CLANG_WARN_INT_CONVERSION = YES;
				CLANG_WARN_OBJC_ROOT_CLASS = YES_ERROR;
				CLANG_WARN_SUSPICIOUS_MOVE = YES;
				CLANG_WARN_UNREACHABLE_CODE = YES;
				CLANG_WARN__DUPLICATE_METHOD_MATCH = YES;
				"CODE_SIGN_IDENTITY[sdk=iphoneos*]" = "iPhone Developer";
				COPY_PHASE_STRIP = NO;
				DEBUG_INFORMATION_FORMAT = dwarf;
				ENABLE_STRICT_OBJC_MSGSEND = YES;
				ENABLE_TESTABILITY = YES;
				GCC_C_LANGUAGE_STANDARD = gnu99;
				GCC_DYNAMIC_NO_PIC = NO;
				GCC_NO_COMMON_BLOCKS = YES;
				GCC_OPTIMIZATION_LEVEL = 0;
				GCC_PREPROCESSOR_DEFINITIONS = (
					"DEBUG=1",
					"$(inherited)",
				);
				GCC_WARN_64_TO_32_BIT_CONVERSION = YES;
				GCC_WARN_ABOUT_RETURN_TYPE = YES_ERROR;
				GCC_WARN_UNDECLARED_SELECTOR = YES;
				GCC_WARN_UNINITIALIZED_AUTOS = YES_AGGRESSIVE;
				GCC_WARN_UNUSED_FUNCTION = YES;
				GCC_WARN_UNUSED_VARIABLE = YES;
				IPHONEOS_DEPLOYMENT_TARGET = 10.2;
				MTL_ENABLE_DEBUG_INFO = YES;
				ONLY_ACTIVE_ARCH = YES;
				SDKROOT = iphoneos;
				SWIFT_ACTIVE_COMPILATION_CONDITIONS = DEBUG;
				SWIFT_OPTIMIZATION_LEVEL = "-Onone";
				TARGETED_DEVICE_FAMILY = "1,2";
			};
			name = Debug;
		};
		FAD5A69B1E80472B003510D8 /* Release */ = {
			isa = XCBuildConfiguration;
			buildSettings = {
				ALWAYS_SEARCH_USER_PATHS = NO;
				CLANG_ANALYZER_NONNULL = YES;
				CLANG_CXX_LANGUAGE_STANDARD = "gnu++0x";
				CLANG_CXX_LIBRARY = "libc++";
				CLANG_ENABLE_MODULES = YES;
				CLANG_ENABLE_OBJC_ARC = YES;
				CLANG_WARN_BOOL_CONVERSION = YES;
				CLANG_WARN_CONSTANT_CONVERSION = YES;
				CLANG_WARN_DIRECT_OBJC_ISA_USAGE = YES_ERROR;
				CLANG_WARN_DOCUMENTATION_COMMENTS = YES;
				CLANG_WARN_EMPTY_BODY = YES;
				CLANG_WARN_ENUM_CONVERSION = YES;
				CLANG_WARN_INFINITE_RECURSION = YES;
				CLANG_WARN_INT_CONVERSION = YES;
				CLANG_WARN_OBJC_ROOT_CLASS = YES_ERROR;
				CLANG_WARN_SUSPICIOUS_MOVE = YES;
				CLANG_WARN_UNREACHABLE_CODE = YES;
				CLANG_WARN__DUPLICATE_METHOD_MATCH = YES;
				"CODE_SIGN_IDENTITY[sdk=iphoneos*]" = "iPhone Developer";
				COPY_PHASE_STRIP = NO;
				DEBUG_INFORMATION_FORMAT = "dwarf-with-dsym";
				ENABLE_NS_ASSERTIONS = NO;
				ENABLE_STRICT_OBJC_MSGSEND = YES;
				GCC_C_LANGUAGE_STANDARD = gnu99;
				GCC_NO_COMMON_BLOCKS = YES;
				GCC_WARN_64_TO_32_BIT_CONVERSION = YES;
				GCC_WARN_ABOUT_RETURN_TYPE = YES_ERROR;
				GCC_WARN_UNDECLARED_SELECTOR = YES;
				GCC_WARN_UNINITIALIZED_AUTOS = YES_AGGRESSIVE;
				GCC_WARN_UNUSED_FUNCTION = YES;
				GCC_WARN_UNUSED_VARIABLE = YES;
				IPHONEOS_DEPLOYMENT_TARGET = 10.2;
				MTL_ENABLE_DEBUG_INFO = NO;
				SDKROOT = iphoneos;
				SWIFT_OPTIMIZATION_LEVEL = "-Owholemodule";
				TARGETED_DEVICE_FAMILY = "1,2";
				VALIDATE_PRODUCT = YES;
			};
			name = Release;
		};
		FAD5A69D1E80472B003510D8 /* Debug */ = {
			isa = XCBuildConfiguration;
			baseConfigurationReference = D0892ECEFE0D95F21FE6E386 /* Pods-whale-ios-alexanderdejeu.debug.xcconfig */;
			buildSettings = {
				ASSETCATALOG_COMPILER_APPICON_NAME = AppIcon;
				DEVELOPMENT_TEAM = P2AA55448J;
				INFOPLIST_FILE = "whale-ios-alexanderdejeu/Info.plist";
				LD_RUNPATH_SEARCH_PATHS = "$(inherited) @executable_path/Frameworks";
				PRODUCT_BUNDLE_IDENTIFIER = "com.DoGoodTechnology.whale-ios-alexanderdejeu";
				PRODUCT_NAME = "$(TARGET_NAME)";
				SWIFT_VERSION = 3.0;
			};
			name = Debug;
		};
		FAD5A69E1E80472B003510D8 /* Release */ = {
			isa = XCBuildConfiguration;
			baseConfigurationReference = 1AA0D74498001FD6F4341A27 /* Pods-whale-ios-alexanderdejeu.release.xcconfig */;
			buildSettings = {
				ASSETCATALOG_COMPILER_APPICON_NAME = AppIcon;
				DEVELOPMENT_TEAM = P2AA55448J;
				INFOPLIST_FILE = "whale-ios-alexanderdejeu/Info.plist";
				LD_RUNPATH_SEARCH_PATHS = "$(inherited) @executable_path/Frameworks";
				PRODUCT_BUNDLE_IDENTIFIER = "com.DoGoodTechnology.whale-ios-alexanderdejeu";
				PRODUCT_NAME = "$(TARGET_NAME)";
				SWIFT_VERSION = 3.0;
			};
			name = Release;
		};
		FAD5A6A01E80472B003510D8 /* Debug */ = {
			isa = XCBuildConfiguration;
			baseConfigurationReference = A5B1253A8C343858FE69AA95 /* Pods-whale-ios-alexanderdejeuTests.debug.xcconfig */;
			buildSettings = {
				ALWAYS_EMBED_SWIFT_STANDARD_LIBRARIES = YES;
				BUNDLE_LOADER = "$(TEST_HOST)";
				DEVELOPMENT_TEAM = P2AA55448J;
				INFOPLIST_FILE = "whale-ios-alexanderdejeuTests/Info.plist";
				LD_RUNPATH_SEARCH_PATHS = "$(inherited) @executable_path/Frameworks @loader_path/Frameworks";
				PRODUCT_BUNDLE_IDENTIFIER = "com.DoGoodTechnology.whale-ios-alexanderdejeuTests";
				PRODUCT_NAME = "$(TARGET_NAME)";
				SWIFT_VERSION = 3.0;
				TEST_HOST = "$(BUILT_PRODUCTS_DIR)/whale-ios-alexanderdejeu.app/whale-ios-alexanderdejeu";
			};
			name = Debug;
		};
		FAD5A6A11E80472B003510D8 /* Release */ = {
			isa = XCBuildConfiguration;
			baseConfigurationReference = EE9C3ED707086D07440EA0A0 /* Pods-whale-ios-alexanderdejeuTests.release.xcconfig */;
			buildSettings = {
				ALWAYS_EMBED_SWIFT_STANDARD_LIBRARIES = YES;
				BUNDLE_LOADER = "$(TEST_HOST)";
				DEVELOPMENT_TEAM = P2AA55448J;
				INFOPLIST_FILE = "whale-ios-alexanderdejeuTests/Info.plist";
				LD_RUNPATH_SEARCH_PATHS = "$(inherited) @executable_path/Frameworks @loader_path/Frameworks";
				PRODUCT_BUNDLE_IDENTIFIER = "com.DoGoodTechnology.whale-ios-alexanderdejeuTests";
				PRODUCT_NAME = "$(TARGET_NAME)";
				SWIFT_VERSION = 3.0;
				TEST_HOST = "$(BUILT_PRODUCTS_DIR)/whale-ios-alexanderdejeu.app/whale-ios-alexanderdejeu";
			};
			name = Release;
		};
		FAD5A6A31E80472B003510D8 /* Debug */ = {
			isa = XCBuildConfiguration;
			baseConfigurationReference = F4AB2E0FDF234E765BA7C3B9 /* Pods-whale-ios-alexanderdejeuUITests.debug.xcconfig */;
			buildSettings = {
				ALWAYS_EMBED_SWIFT_STANDARD_LIBRARIES = YES;
				DEVELOPMENT_TEAM = P2AA55448J;
				INFOPLIST_FILE = "whale-ios-alexanderdejeuUITests/Info.plist";
				LD_RUNPATH_SEARCH_PATHS = "$(inherited) @executable_path/Frameworks @loader_path/Frameworks";
				PRODUCT_BUNDLE_IDENTIFIER = "com.DoGoodTechnology.whale-ios-alexanderdejeuUITests";
				PRODUCT_NAME = "$(TARGET_NAME)";
				SWIFT_VERSION = 3.0;
				TEST_TARGET_NAME = "whale-ios-alexanderdejeu";
			};
			name = Debug;
		};
		FAD5A6A41E80472B003510D8 /* Release */ = {
			isa = XCBuildConfiguration;
			baseConfigurationReference = 1179EF7B520B34E5C87BA733 /* Pods-whale-ios-alexanderdejeuUITests.release.xcconfig */;
			buildSettings = {
				ALWAYS_EMBED_SWIFT_STANDARD_LIBRARIES = YES;
				DEVELOPMENT_TEAM = P2AA55448J;
				INFOPLIST_FILE = "whale-ios-alexanderdejeuUITests/Info.plist";
				LD_RUNPATH_SEARCH_PATHS = "$(inherited) @executable_path/Frameworks @loader_path/Frameworks";
				PRODUCT_BUNDLE_IDENTIFIER = "com.DoGoodTechnology.whale-ios-alexanderdejeuUITests";
				PRODUCT_NAME = "$(TARGET_NAME)";
				SWIFT_VERSION = 3.0;
				TEST_TARGET_NAME = "whale-ios-alexanderdejeu";
			};
			name = Release;
		};
/* End XCBuildConfiguration section */

/* Begin XCConfigurationList section */
		FAD5A66F1E80472B003510D8 /* Build configuration list for PBXProject "whale-ios-alexanderdejeu" */ = {
			isa = XCConfigurationList;
			buildConfigurations = (
				FAD5A69A1E80472B003510D8 /* Debug */,
				FAD5A69B1E80472B003510D8 /* Release */,
			);
			defaultConfigurationIsVisible = 0;
			defaultConfigurationName = Release;
		};
		FAD5A69C1E80472B003510D8 /* Build configuration list for PBXNativeTarget "whale-ios-alexanderdejeu" */ = {
			isa = XCConfigurationList;
			buildConfigurations = (
				FAD5A69D1E80472B003510D8 /* Debug */,
				FAD5A69E1E80472B003510D8 /* Release */,
			);
			defaultConfigurationIsVisible = 0;
			defaultConfigurationName = Release;
		};
		FAD5A69F1E80472B003510D8 /* Build configuration list for PBXNativeTarget "whale-ios-alexanderdejeuTests" */ = {
			isa = XCConfigurationList;
			buildConfigurations = (
				FAD5A6A01E80472B003510D8 /* Debug */,
				FAD5A6A11E80472B003510D8 /* Release */,
			);
			defaultConfigurationIsVisible = 0;
			defaultConfigurationName = Release;
		};
		FAD5A6A21E80472B003510D8 /* Build configuration list for PBXNativeTarget "whale-ios-alexanderdejeuUITests" */ = {
			isa = XCConfigurationList;
			buildConfigurations = (
				FAD5A6A31E80472B003510D8 /* Debug */,
				FAD5A6A41E80472B003510D8 /* Release */,
			);
			defaultConfigurationIsVisible = 0;
			defaultConfigurationName = Release;
		};
/* End XCConfigurationList section */
	};
	rootObject = FAD5A66C1E80472B003510D8 /* Project object */;
}
